// !$*UTF8*$!
{
	archiveVersion = 1;
	classes = {
	};
	objectVersion = 77;
	objects = {

/* Begin PBXBuildFile section */
		F4E576152D931EA100660103 /* FirebaseFirestore in Frameworks */ = {isa = PBXBuildFile; productRef = F4E576142D931EA100660103 /* FirebaseFirestore */; };
		F4E576172D9374C900660103 /* GoogleService-Info.plist in Resources */ = {isa = PBXBuildFile; fileRef = F4E576162D9374C900660103 /* GoogleService-Info.plist */; };
		F4E576192D9378F900660103 /* FirebaseCore in Frameworks */ = {isa = PBXBuildFile; productRef = F4E576182D9378F900660103 /* FirebaseCore */; };
/* End PBXBuildFile section */

/* Begin PBXContainerItemProxy section */
		F4B45A042D8C7CC300533074 /* PBXContainerItemProxy */ = {
			isa = PBXContainerItemProxy;
			containerPortal = F4B459EB2D8C7CC200533074 /* Project object */;
			proxyType = 1;
			remoteGlobalIDString = F4B459F22D8C7CC200533074;
			remoteInfo = "Aero Rocket Inventory";
		};
		F4B45A0E2D8C7CC300533074 /* PBXContainerItemProxy */ = {
			isa = PBXContainerItemProxy;
			containerPortal = F4B459EB2D8C7CC200533074 /* Project object */;
			proxyType = 1;
			remoteGlobalIDString = F4B459F22D8C7CC200533074;
			remoteInfo = "Aero Rocket Inventory";
		};
/* End PBXContainerItemProxy section */

/* Begin PBXFileReference section */
		F4B459F32D8C7CC200533074 /* Aero Rocket Inventory.app */ = {isa = PBXFileReference; explicitFileType = wrapper.application; includeInIndex = 0; path = "Aero Rocket Inventory.app"; sourceTree = BUILT_PRODUCTS_DIR; };
		F4B45A032D8C7CC300533074 /* Aero Rocket InventoryTests.xctest */ = {isa = PBXFileReference; explicitFileType = wrapper.cfbundle; includeInIndex = 0; path = "Aero Rocket InventoryTests.xctest"; sourceTree = BUILT_PRODUCTS_DIR; };
		F4B45A0D2D8C7CC300533074 /* Aero Rocket InventoryUITests.xctest */ = {isa = PBXFileReference; explicitFileType = wrapper.cfbundle; includeInIndex = 0; path = "Aero Rocket InventoryUITests.xctest"; sourceTree = BUILT_PRODUCTS_DIR; };
		F4E576162D9374C900660103 /* GoogleService-Info.plist */ = {isa = PBXFileReference; lastKnownFileType = text.plist.xml; path = "GoogleService-Info.plist"; sourceTree = "<group>"; };
/* End PBXFileReference section */

/* Begin PBXFileSystemSynchronizedRootGroup section */
		F4B459F52D8C7CC200533074 /* Aero Rocket Inventory */ = {
			isa = PBXFileSystemSynchronizedRootGroup;
			path = "Aero Rocket Inventory";
			sourceTree = "<group>";
		};
		F4B45A062D8C7CC300533074 /* Aero Rocket InventoryTests */ = {
			isa = PBXFileSystemSynchronizedRootGroup;
			path = "Aero Rocket InventoryTests";
			sourceTree = "<group>";
		};
		F4B45A102D8C7CC300533074 /* Aero Rocket InventoryUITests */ = {
			isa = PBXFileSystemSynchronizedRootGroup;
			path = "Aero Rocket InventoryUITests";
			sourceTree = "<group>";
		};
/* End PBXFileSystemSynchronizedRootGroup section */

/* Begin PBXFrameworksBuildPhase section */
		F4B459F02D8C7CC200533074 /* Frameworks */ = {
			isa = PBXFrameworksBuildPhase;
			buildActionMask = 2147483647;
			files = (
				F4E576192D9378F900660103 /* FirebaseCore in Frameworks */,
				F4E576152D931EA100660103 /* FirebaseFirestore in Frameworks */,
			);
			runOnlyForDeploymentPostprocessing = 0;
		};
		F4B45A002D8C7CC300533074 /* Frameworks */ = {
			isa = PBXFrameworksBuildPhase;
			buildActionMask = 2147483647;
			files = (
			);
			runOnlyForDeploymentPostprocessing = 0;
		};
		F4B45A0A2D8C7CC300533074 /* Frameworks */ = {
			isa = PBXFrameworksBuildPhase;
			buildActionMask = 2147483647;
			files = (
			);
			runOnlyForDeploymentPostprocessing = 0;
		};
/* End PBXFrameworksBuildPhase section */

/* Begin PBXGroup section */
		F4B459EA2D8C7CC200533074 = {
			isa = PBXGroup;
			children = (
				F4B459F52D8C7CC200533074 /* Aero Rocket Inventory */,
				F4B45A062D8C7CC300533074 /* Aero Rocket InventoryTests */,
				F4B45A102D8C7CC300533074 /* Aero Rocket InventoryUITests */,
				F4B459F42D8C7CC200533074 /* Products */,
				F4E576162D9374C900660103 /* GoogleService-Info.plist */,
			);
			sourceTree = "<group>";
		};
		F4B459F42D8C7CC200533074 /* Products */ = {
			isa = PBXGroup;
			children = (
				F4B459F32D8C7CC200533074 /* Aero Rocket Inventory.app */,
				F4B45A032D8C7CC300533074 /* Aero Rocket InventoryTests.xctest */,
				F4B45A0D2D8C7CC300533074 /* Aero Rocket InventoryUITests.xctest */,
			);
			name = Products;
			sourceTree = "<group>";
		};
/* End PBXGroup section */

/* Begin PBXNativeTarget section */
		F4B459F22D8C7CC200533074 /* Aero Rocket Inventory */ = {
			isa = PBXNativeTarget;
			buildConfigurationList = F4B45A172D8C7CC300533074 /* Build configuration list for PBXNativeTarget "Aero Rocket Inventory" */;
			buildPhases = (
				F4B459EF2D8C7CC200533074 /* Sources */,
				F4B459F02D8C7CC200533074 /* Frameworks */,
				F4B459F12D8C7CC200533074 /* Resources */,
			);
			buildRules = (
			);
			dependencies = (
			);
			fileSystemSynchronizedGroups = (
				F4B459F52D8C7CC200533074 /* Aero Rocket Inventory */,
			);
			name = "Aero Rocket Inventory";
			packageProductDependencies = (
				F4E576142D931EA100660103 /* FirebaseFirestore */,
				F4E576182D9378F900660103 /* FirebaseCore */,
			);
			productName = "Aero Rocket Inventory";
			productReference = F4B459F32D8C7CC200533074 /* Aero Rocket Inventory.app */;
			productType = "com.apple.product-type.application";
		};
		F4B45A022D8C7CC300533074 /* Aero Rocket InventoryTests */ = {
			isa = PBXNativeTarget;
			buildConfigurationList = F4B45A1A2D8C7CC300533074 /* Build configuration list for PBXNativeTarget "Aero Rocket InventoryTests" */;
			buildPhases = (
				F4B459FF2D8C7CC300533074 /* Sources */,
				F4B45A002D8C7CC300533074 /* Frameworks */,
				F4B45A012D8C7CC300533074 /* Resources */,
			);
			buildRules = (
			);
			dependencies = (
				F4B45A052D8C7CC300533074 /* PBXTargetDependency */,
			);
			fileSystemSynchronizedGroups = (
				F4B45A062D8C7CC300533074 /* Aero Rocket InventoryTests */,
			);
			name = "Aero Rocket InventoryTests";
			packageProductDependencies = (
			);
			productName = "Aero Rocket InventoryTests";
			productReference = F4B45A032D8C7CC300533074 /* Aero Rocket InventoryTests.xctest */;
			productType = "com.apple.product-type.bundle.unit-test";
		};
		F4B45A0C2D8C7CC300533074 /* Aero Rocket InventoryUITests */ = {
			isa = PBXNativeTarget;
			buildConfigurationList = F4B45A1D2D8C7CC300533074 /* Build configuration list for PBXNativeTarget "Aero Rocket InventoryUITests" */;
			buildPhases = (
				F4B45A092D8C7CC300533074 /* Sources */,
				F4B45A0A2D8C7CC300533074 /* Frameworks */,
				F4B45A0B2D8C7CC300533074 /* Resources */,
			);
			buildRules = (
			);
			dependencies = (
				F4B45A0F2D8C7CC300533074 /* PBXTargetDependency */,
			);
			fileSystemSynchronizedGroups = (
				F4B45A102D8C7CC300533074 /* Aero Rocket InventoryUITests */,
			);
			name = "Aero Rocket InventoryUITests";
			packageProductDependencies = (
			);
			productName = "Aero Rocket InventoryUITests";
			productReference = F4B45A0D2D8C7CC300533074 /* Aero Rocket InventoryUITests.xctest */;
			productType = "com.apple.product-type.bundle.ui-testing";
		};
/* End PBXNativeTarget section */

/* Begin PBXProject section */
		F4B459EB2D8C7CC200533074 /* Project object */ = {
			isa = PBXProject;
			attributes = {
				BuildIndependentTargetsInParallel = 1;
				LastSwiftUpdateCheck = 1620;
				LastUpgradeCheck = 1620;
				TargetAttributes = {
					F4B459F22D8C7CC200533074 = {
						CreatedOnToolsVersion = 16.2;
					};
					F4B45A022D8C7CC300533074 = {
						CreatedOnToolsVersion = 16.2;
						TestTargetID = F4B459F22D8C7CC200533074;
					};
					F4B45A0C2D8C7CC300533074 = {
						CreatedOnToolsVersion = 16.2;
						TestTargetID = F4B459F22D8C7CC200533074;
					};
				};
			};
			buildConfigurationList = F4B459EE2D8C7CC200533074 /* Build configuration list for PBXProject "Aero Rocket Inventory" */;
			developmentRegion = en;
			hasScannedForEncodings = 0;
			knownRegions = (
				en,
				Base,
			);
			mainGroup = F4B459EA2D8C7CC200533074;
			minimizedProjectReferenceProxies = 1;
			packageReferences = (
				F4E576132D931EA100660103 /* XCRemoteSwiftPackageReference "firebase-ios-sdk" */,
			);
			preferredProjectObjectVersion = 77;
			productRefGroup = F4B459F42D8C7CC200533074 /* Products */;
			projectDirPath = "";
			projectRoot = "";
			targets = (
				F4B459F22D8C7CC200533074 /* Aero Rocket Inventory */,
				F4B45A022D8C7CC300533074 /* Aero Rocket InventoryTests */,
				F4B45A0C2D8C7CC300533074 /* Aero Rocket InventoryUITests */,
			);
		};
/* End PBXProject section */

/* Begin PBXResourcesBuildPhase section */
		F4B459F12D8C7CC200533074 /* Resources */ = {
			isa = PBXResourcesBuildPhase;
			buildActionMask = 2147483647;
			files = (
				F4E576172D9374C900660103 /* GoogleService-Info.plist in Resources */,
			);
			runOnlyForDeploymentPostprocessing = 0;
		};
		F4B45A012D8C7CC300533074 /* Resources */ = {
			isa = PBXResourcesBuildPhase;
			buildActionMask = 2147483647;
			files = (
			);
			runOnlyForDeploymentPostprocessing = 0;
		};
		F4B45A0B2D8C7CC300533074 /* Resources */ = {
			isa = PBXResourcesBuildPhase;
			buildActionMask = 2147483647;
			files = (
			);
			runOnlyForDeploymentPostprocessing = 0;
		};
/* End PBXResourcesBuildPhase section */

/* Begin PBXSourcesBuildPhase section */
		F4B459EF2D8C7CC200533074 /* Sources */ = {
			isa = PBXSourcesBuildPhase;
			buildActionMask = 2147483647;
			files = (
			);
			runOnlyForDeploymentPostprocessing = 0;
		};
		F4B459FF2D8C7CC300533074 /* Sources */ = {
			isa = PBXSourcesBuildPhase;
			buildActionMask = 2147483647;
			files = (
			);
			runOnlyForDeploymentPostprocessing = 0;
		};
		F4B45A092D8C7CC300533074 /* Sources */ = {
			isa = PBXSourcesBuildPhase;
			buildActionMask = 2147483647;
			files = (
			);
			runOnlyForDeploymentPostprocessing = 0;
		};
/* End PBXSourcesBuildPhase section */

/* Begin PBXTargetDependency section */
		F4B45A052D8C7CC300533074 /* PBXTargetDependency */ = {
			isa = PBXTargetDependency;
			target = F4B459F22D8C7CC200533074 /* Aero Rocket Inventory */;
			targetProxy = F4B45A042D8C7CC300533074 /* PBXContainerItemProxy */;
		};
		F4B45A0F2D8C7CC300533074 /* PBXTargetDependency */ = {
			isa = PBXTargetDependency;
			target = F4B459F22D8C7CC200533074 /* Aero Rocket Inventory */;
			targetProxy = F4B45A0E2D8C7CC300533074 /* PBXContainerItemProxy */;
		};
/* End PBXTargetDependency section */

/* Begin XCBuildConfiguration section */
		F4B45A152D8C7CC300533074 /* Debug */ = {
			isa = XCBuildConfiguration;
			buildSettings = {
				ALWAYS_SEARCH_USER_PATHS = NO;
				ASSETCATALOG_COMPILER_GENERATE_SWIFT_ASSET_SYMBOL_EXTENSIONS = YES;
				CLANG_ANALYZER_NONNULL = YES;
				CLANG_ANALYZER_NUMBER_OBJECT_CONVERSION = YES_AGGRESSIVE;
				CLANG_CXX_LANGUAGE_STANDARD = "gnu++20";
				CLANG_ENABLE_MODULES = YES;
				CLANG_ENABLE_OBJC_ARC = YES;
				CLANG_ENABLE_OBJC_WEAK = YES;
				CLANG_WARN_BLOCK_CAPTURE_AUTORELEASING = YES;
				CLANG_WARN_BOOL_CONVERSION = YES;
				CLANG_WARN_COMMA = YES;
				CLANG_WARN_CONSTANT_CONVERSION = YES;
				CLANG_WARN_DEPRECATED_OBJC_IMPLEMENTATIONS = YES;
				CLANG_WARN_DIRECT_OBJC_ISA_USAGE = YES_ERROR;
				CLANG_WARN_DOCUMENTATION_COMMENTS = YES;
				CLANG_WARN_EMPTY_BODY = YES;
				CLANG_WARN_ENUM_CONVERSION = YES;
				CLANG_WARN_INFINITE_RECURSION = YES;
				CLANG_WARN_INT_CONVERSION = YES;
				CLANG_WARN_NON_LITERAL_NULL_CONVERSION = YES;
				CLANG_WARN_OBJC_IMPLICIT_RETAIN_SELF = YES;
				CLANG_WARN_OBJC_LITERAL_CONVERSION = YES;
				CLANG_WARN_OBJC_ROOT_CLASS = YES_ERROR;
				CLANG_WARN_QUOTED_INCLUDE_IN_FRAMEWORK_HEADER = YES;
				CLANG_WARN_RANGE_LOOP_ANALYSIS = YES;
				CLANG_WARN_STRICT_PROTOTYPES = YES;
				CLANG_WARN_SUSPICIOUS_MOVE = YES;
				CLANG_WARN_UNGUARDED_AVAILABILITY = YES_AGGRESSIVE;
				CLANG_WARN_UNREACHABLE_CODE = YES;
				CLANG_WARN__DUPLICATE_METHOD_MATCH = YES;
				COPY_PHASE_STRIP = NO;
				DEBUG_INFORMATION_FORMAT = dwarf;
				ENABLE_STRICT_OBJC_MSGSEND = YES;
				ENABLE_TESTABILITY = YES;
				ENABLE_USER_SCRIPT_SANDBOXING = YES;
				GCC_C_LANGUAGE_STANDARD = gnu17;
				GCC_DYNAMIC_NO_PIC = NO;
				GCC_NO_COMMON_BLOCKS = YES;
				GCC_OPTIMIZATION_LEVEL = 0;
				GCC_PREPROCESSOR_DEFINITIONS = (
					"DEBUG=1",
					"$(inherited)",
				);
				GCC_WARN_64_TO_32_BIT_CONVERSION = YES;
				GCC_WARN_ABOUT_RETURN_TYPE = YES_ERROR;
				GCC_WARN_UNDECLARED_SELECTOR = YES;
				GCC_WARN_UNINITIALIZED_AUTOS = YES_AGGRESSIVE;
				GCC_WARN_UNUSED_FUNCTION = YES;
				GCC_WARN_UNUSED_VARIABLE = YES;
				IPHONEOS_DEPLOYMENT_TARGET = 18.2;
				LOCALIZATION_PREFERS_STRING_CATALOGS = YES;
				MTL_ENABLE_DEBUG_INFO = INCLUDE_SOURCE;
				MTL_FAST_MATH = YES;
				ONLY_ACTIVE_ARCH = YES;
				SDKROOT = iphoneos;
				SWIFT_ACTIVE_COMPILATION_CONDITIONS = "DEBUG $(inherited)";
				SWIFT_OPTIMIZATION_LEVEL = "-Onone";
			};
			name = Debug;
		};
		F4B45A162D8C7CC300533074 /* Release */ = {
			isa = XCBuildConfiguration;
			buildSettings = {
				ALWAYS_SEARCH_USER_PATHS = NO;
				ASSETCATALOG_COMPILER_GENERATE_SWIFT_ASSET_SYMBOL_EXTENSIONS = YES;
				CLANG_ANALYZER_NONNULL = YES;
				CLANG_ANALYZER_NUMBER_OBJECT_CONVERSION = YES_AGGRESSIVE;
				CLANG_CXX_LANGUAGE_STANDARD = "gnu++20";
				CLANG_ENABLE_MODULES = YES;
				CLANG_ENABLE_OBJC_ARC = YES;
				CLANG_ENABLE_OBJC_WEAK = YES;
				CLANG_WARN_BLOCK_CAPTURE_AUTORELEASING = YES;
				CLANG_WARN_BOOL_CONVERSION = YES;
				CLANG_WARN_COMMA = YES;
				CLANG_WARN_CONSTANT_CONVERSION = YES;
				CLANG_WARN_DEPRECATED_OBJC_IMPLEMENTATIONS = YES;
				CLANG_WARN_DIRECT_OBJC_ISA_USAGE = YES_ERROR;
				CLANG_WARN_DOCUMENTATION_COMMENTS = YES;
				CLANG_WARN_EMPTY_BODY = YES;
				CLANG_WARN_ENUM_CONVERSION = YES;
				CLANG_WARN_INFINITE_RECURSION = YES;
				CLANG_WARN_INT_CONVERSION = YES;
				CLANG_WARN_NON_LITERAL_NULL_CONVERSION = YES;
				CLANG_WARN_OBJC_IMPLICIT_RETAIN_SELF = YES;
				CLANG_WARN_OBJC_LITERAL_CONVERSION = YES;
				CLANG_WARN_OBJC_ROOT_CLASS = YES_ERROR;
				CLANG_WARN_QUOTED_INCLUDE_IN_FRAMEWORK_HEADER = YES;
				CLANG_WARN_RANGE_LOOP_ANALYSIS = YES;
				CLANG_WARN_STRICT_PROTOTYPES = YES;
				CLANG_WARN_SUSPICIOUS_MOVE = YES;
				CLANG_WARN_UNGUARDED_AVAILABILITY = YES_AGGRESSIVE;
				CLANG_WARN_UNREACHABLE_CODE = YES;
				CLANG_WARN__DUPLICATE_METHOD_MATCH = YES;
				COPY_PHASE_STRIP = NO;
				DEBUG_INFORMATION_FORMAT = "dwarf-with-dsym";
				ENABLE_NS_ASSERTIONS = NO;
				ENABLE_STRICT_OBJC_MSGSEND = YES;
				ENABLE_USER_SCRIPT_SANDBOXING = YES;
				GCC_C_LANGUAGE_STANDARD = gnu17;
				GCC_NO_COMMON_BLOCKS = YES;
				GCC_WARN_64_TO_32_BIT_CONVERSION = YES;
				GCC_WARN_ABOUT_RETURN_TYPE = YES_ERROR;
				GCC_WARN_UNDECLARED_SELECTOR = YES;
				GCC_WARN_UNINITIALIZED_AUTOS = YES_AGGRESSIVE;
				GCC_WARN_UNUSED_FUNCTION = YES;
				GCC_WARN_UNUSED_VARIABLE = YES;
				IPHONEOS_DEPLOYMENT_TARGET = 18.2;
				LOCALIZATION_PREFERS_STRING_CATALOGS = YES;
				MTL_ENABLE_DEBUG_INFO = NO;
				MTL_FAST_MATH = YES;
				SDKROOT = iphoneos;
				SWIFT_COMPILATION_MODE = wholemodule;
				VALIDATE_PRODUCT = YES;
			};
			name = Release;
		};
		F4B45A182D8C7CC300533074 /* Debug */ = {
			isa = XCBuildConfiguration;
			buildSettings = {
				ASSETCATALOG_COMPILER_APPICON_NAME = AppIcon;
				"ASSETCATALOG_COMPILER_APPICON_NAME[sdk=iphoneos*]" = AppIcon;
				ASSETCATALOG_COMPILER_GLOBAL_ACCENT_COLOR_NAME = AccentColor;
				ASSETCATALOG_COMPILER_INCLUDE_ALL_APPICON_ASSETS = YES;
				CODE_SIGN_STYLE = Automatic;
				CURRENT_PROJECT_VERSION = 1;
				DEVELOPMENT_ASSET_PATHS = "\"Aero Rocket Inventory/Preview Content\"";
				DEVELOPMENT_TEAM = APMB57CSL6;
				ENABLE_PREVIEWS = YES;
				GENERATE_INFOPLIST_FILE = YES;
				INFOPLIST_KEY_LSApplicationCategoryType = "public.app-category.utilities";
				INFOPLIST_KEY_NSCameraUsageDescription = "Camera access please";
				INFOPLIST_KEY_UIApplicationSceneManifest_Generation = YES;
				INFOPLIST_KEY_UIApplicationSupportsIndirectInputEvents = YES;
				INFOPLIST_KEY_UILaunchScreen_Generation = YES;
				INFOPLIST_KEY_UIRequiresFullScreen = YES;
				INFOPLIST_KEY_UISupportedInterfaceOrientations = UIInterfaceOrientationPortrait;
				LD_RUNPATH_SEARCH_PATHS = (
					"$(inherited)",
					"@executable_path/Frameworks",
				);
				MARKETING_VERSION = 1.0;
				PRODUCT_BUNDLE_IDENTIFIER = "SEDS.Aero-Rocket-Inventory";
				PRODUCT_NAME = "$(TARGET_NAME)";
				SWIFT_EMIT_LOC_STRINGS = YES;
				SWIFT_VERSION = 5.0;
				TARGETED_DEVICE_FAMILY = "1,2";
			};
			name = Debug;
		};
		F4B45A192D8C7CC300533074 /* Release */ = {
			isa = XCBuildConfiguration;
			buildSettings = {
				ASSETCATALOG_COMPILER_APPICON_NAME = AppIcon;
				"ASSETCATALOG_COMPILER_APPICON_NAME[sdk=iphoneos*]" = AppIcon;
				ASSETCATALOG_COMPILER_GLOBAL_ACCENT_COLOR_NAME = AccentColor;
				ASSETCATALOG_COMPILER_INCLUDE_ALL_APPICON_ASSETS = YES;
				CODE_SIGN_STYLE = Automatic;
				CURRENT_PROJECT_VERSION = 1;
				DEVELOPMENT_ASSET_PATHS = "\"Aero Rocket Inventory/Preview Content\"";
				DEVELOPMENT_TEAM = APMB57CSL6;
				ENABLE_PREVIEWS = YES;
				GENERATE_INFOPLIST_FILE = YES;
				INFOPLIST_KEY_LSApplicationCategoryType = "public.app-category.utilities";
				INFOPLIST_KEY_NSCameraUsageDescription = "Camera access please";
				INFOPLIST_KEY_UIApplicationSceneManifest_Generation = YES;
				INFOPLIST_KEY_UIApplicationSupportsIndirectInputEvents = YES;
				INFOPLIST_KEY_UILaunchScreen_Generation = YES;
				INFOPLIST_KEY_UIRequiresFullScreen = YES;
				INFOPLIST_KEY_UISupportedInterfaceOrientations = UIInterfaceOrientationPortrait;
				LD_RUNPATH_SEARCH_PATHS = (
					"$(inherited)",
					"@executable_path/Frameworks",
				);
				MARKETING_VERSION = 1.0;
				PRODUCT_BUNDLE_IDENTIFIER = "SEDS.Aero-Rocket-Inventory";
				PRODUCT_NAME = "$(TARGET_NAME)";
				SWIFT_EMIT_LOC_STRINGS = YES;
				SWIFT_VERSION = 5.0;
				TARGETED_DEVICE_FAMILY = "1,2";
			};
			name = Release;
		};
		F4B45A1B2D8C7CC300533074 /* Debug */ = {
			isa = XCBuildConfiguration;
			buildSettings = {
				BUNDLE_LOADER = "$(TEST_HOST)";
				CODE_SIGN_STYLE = Automatic;
				CURRENT_PROJECT_VERSION = 1;
				DEVELOPMENT_TEAM = APMB57CSL6;
				GENERATE_INFOPLIST_FILE = YES;
				IPHONEOS_DEPLOYMENT_TARGET = 18.2;
				MARKETING_VERSION = 1.0;
				PRODUCT_BUNDLE_IDENTIFIER = "SEDS.Aero-Rocket-InventoryTests";
				PRODUCT_NAME = "$(TARGET_NAME)";
				SWIFT_EMIT_LOC_STRINGS = NO;
				SWIFT_VERSION = 5.0;
				TARGETED_DEVICE_FAMILY = "1,2";
				TEST_HOST = "$(BUILT_PRODUCTS_DIR)/Aero Rocket Inventory.app/$(BUNDLE_EXECUTABLE_FOLDER_PATH)/Aero Rocket Inventory";
			};
			name = Debug;
		};
		F4B45A1C2D8C7CC300533074 /* Release */ = {
			isa = XCBuildConfiguration;
			buildSettings = {
				BUNDLE_LOADER = "$(TEST_HOST)";
				CODE_SIGN_STYLE = Automatic;
				CURRENT_PROJECT_VERSION = 1;
				DEVELOPMENT_TEAM = APMB57CSL6;
				GENERATE_INFOPLIST_FILE = YES;
				IPHONEOS_DEPLOYMENT_TARGET = 18.2;
				MARKETING_VERSION = 1.0;
				PRODUCT_BUNDLE_IDENTIFIER = "SEDS.Aero-Rocket-InventoryTests";
				PRODUCT_NAME = "$(TARGET_NAME)";
				SWIFT_EMIT_LOC_STRINGS = NO;
				SWIFT_VERSION = 5.0;
				TARGETED_DEVICE_FAMILY = "1,2";
				TEST_HOST = "$(BUILT_PRODUCTS_DIR)/Aero Rocket Inventory.app/$(BUNDLE_EXECUTABLE_FOLDER_PATH)/Aero Rocket Inventory";
			};
			name = Release;
		};
		F4B45A1E2D8C7CC300533074 /* Debug */ = {
			isa = XCBuildConfiguration;
			buildSettings = {
				CODE_SIGN_STYLE = Automatic;
				CURRENT_PROJECT_VERSION = 1;
				DEVELOPMENT_TEAM = APMB57CSL6;
				GENERATE_INFOPLIST_FILE = YES;
				MARKETING_VERSION = 1.0;
				PRODUCT_BUNDLE_IDENTIFIER = "SEDS.Aero-Rocket-InventoryUITests";
				PRODUCT_NAME = "$(TARGET_NAME)";
				SWIFT_EMIT_LOC_STRINGS = NO;
				SWIFT_VERSION = 5.0;
				TARGETED_DEVICE_FAMILY = "1,2";
				TEST_TARGET_NAME = "Aero Rocket Inventory";
			};
			name = Debug;
		};
		F4B45A1F2D8C7CC300533074 /* Release */ = {
			isa = XCBuildConfiguration;
			buildSettings = {
				CODE_SIGN_STYLE = Automatic;
				CURRENT_PROJECT_VERSION = 1;
				DEVELOPMENT_TEAM = APMB57CSL6;
				GENERATE_INFOPLIST_FILE = YES;
				MARKETING_VERSION = 1.0;
				PRODUCT_BUNDLE_IDENTIFIER = "SEDS.Aero-Rocket-InventoryUITests";
				PRODUCT_NAME = "$(TARGET_NAME)";
				SWIFT_EMIT_LOC_STRINGS = NO;
				SWIFT_VERSION = 5.0;
				TARGETED_DEVICE_FAMILY = "1,2";
				TEST_TARGET_NAME = "Aero Rocket Inventory";
			};
			name = Release;
		};
/* End XCBuildConfiguration section */

/* Begin XCConfigurationList section */
		F4B459EE2D8C7CC200533074 /* Build configuration list for PBXProject "Aero Rocket Inventory" */ = {
			isa = XCConfigurationList;
			buildConfigurations = (
				F4B45A152D8C7CC300533074 /* Debug */,
				F4B45A162D8C7CC300533074 /* Release */,
			);
			defaultConfigurationIsVisible = 0;
			defaultConfigurationName = Release;
		};
		F4B45A172D8C7CC300533074 /* Build configuration list for PBXNativeTarget "Aero Rocket Inventory" */ = {
			isa = XCConfigurationList;
			buildConfigurations = (
				F4B45A182D8C7CC300533074 /* Debug */,
				F4B45A192D8C7CC300533074 /* Release */,
			);
			defaultConfigurationIsVisible = 0;
			defaultConfigurationName = Release;
		};
		F4B45A1A2D8C7CC300533074 /* Build configuration list for PBXNativeTarget "Aero Rocket InventoryTests" */ = {
			isa = XCConfigurationList;
			buildConfigurations = (
				F4B45A1B2D8C7CC300533074 /* Debug */,
				F4B45A1C2D8C7CC300533074 /* Release */,
			);
			defaultConfigurationIsVisible = 0;
			defaultConfigurationName = Release;
		};
		F4B45A1D2D8C7CC300533074 /* Build configuration list for PBXNativeTarget "Aero Rocket InventoryUITests" */ = {
			isa = XCConfigurationList;
			buildConfigurations = (
				F4B45A1E2D8C7CC300533074 /* Debug */,
				F4B45A1F2D8C7CC300533074 /* Release */,
			);
			defaultConfigurationIsVisible = 0;
			defaultConfigurationName = Release;
		};
/* End XCConfigurationList section */

/* Begin XCRemoteSwiftPackageReference section */
		F4E576132D931EA100660103 /* XCRemoteSwiftPackageReference "firebase-ios-sdk" */ = {
			isa = XCRemoteSwiftPackageReference;
			repositoryURL = "https://github.com/firebase/firebase-ios-sdk";
			requirement = {
				kind = upToNextMajorVersion;
				minimumVersion = 11.10.0;
			};
		};
/* End XCRemoteSwiftPackageReference section */

/* Begin XCSwiftPackageProductDependency section */
		F4E576142D931EA100660103 /* FirebaseFirestore */ = {
			isa = XCSwiftPackageProductDependency;
			package = F4E576132D931EA100660103 /* XCRemoteSwiftPackageReference "firebase-ios-sdk" */;
			productName = FirebaseFirestore;
		};
		F4E576182D9378F900660103 /* FirebaseCore */ = {
			isa = XCSwiftPackageProductDependency;
			package = F4E576132D931EA100660103 /* XCRemoteSwiftPackageReference "firebase-ios-sdk" */;
			productName = FirebaseCore;
		};
/* End XCSwiftPackageProductDependency section */
	};
	rootObject = F4B459EB2D8C7CC200533074 /* Project object */;
}
